
Microsoft Visual Studio Solution File, Format Version 12.00
# Visual Studio Version 16
VisualStudioVersion = 16.0.29519.181
MinimumVisualStudioVersion = 10.0.40219.1
Project("{FAE04EC0-301F-11D3-BF4B-00C04F79EFBC}") = "WWFToCSharpClasses", "WWFToCSharpClasses.csproj", "{027275E1-BBD0-4C25-8094-3351257FD1CA}"
EndProject
Global
	GlobalSection(SolutionConfigurationPlatforms) = preSolution
		Debug|Any CPU = Debug|Any CPU
		Release|Any CPU = Release|Any CPU
	EndGlobalSection
	GlobalSection(ProjectConfigurationPlatforms) = postSolution
		{027275E1-BBD0-4C25-8094-3351257FD1CA}.Debug|Any CPU.ActiveCfg = Debug|Any CPU
		{027275E1-BBD0-4C25-8094-3351257FD1CA}.Debug|Any CPU.Build.0 = Debug|Any CPU
		{027275E1-BBD0-4C25-8094-3351257FD1CA}.Release|Any CPU.ActiveCfg = Release|Any CPU
		{027275E1-BBD0-4C25-8094-3351257FD1CA}.Release|Any CPU.Build.0 = Release|Any CPU
	EndGlobalSection
	GlobalSection(SolutionProperties) = preSolution
		HideSolutionNode = FALSE
	EndGlobalSection
	GlobalSection(ExtensibilityGlobals) = postSolution
		SolutionGuid = {8DD4CBA8-C52A-4ADD-9993-C85ABE5CE3F5}
	EndGlobalSection
EndGlobal
